
Microsoft Visual Studio Solution File, Format Version 12.00
# Visual Studio Version 16
VisualStudioVersion = 16.0.33328.57
MinimumVisualStudioVersion = 10.0.40219.1
Project("{FAE04EC0-301F-11D3-BF4B-00C04F79EFBC}") = "NewShopTAM", "NewShopTAM\NewShopTAM.csproj", "{7396E172-2810-4511-942B-ED9A8D771EEE}"
EndProject
Global
	GlobalSection(SolutionConfigurationPlatforms) = preSolution
		Debug|Any CPU = Debug|Any CPU
		Release|Any CPU = Release|Any CPU
	EndGlobalSection
	GlobalSection(ProjectConfigurationPlatforms) = postSolution
		{7396E172-2810-4511-942B-ED9A8D771EEE}.Debug|Any CPU.ActiveCfg = Debug|Any CPU
		{7396E172-2810-4511-942B-ED9A8D771EEE}.Debug|Any CPU.Build.0 = Debug|Any CPU
		{7396E172-2810-4511-942B-ED9A8D771EEE}.Release|Any CPU.ActiveCfg = Release|Any CPU
		{7396E172-2810-4511-942B-ED9A8D771EEE}.Release|Any CPU.Build.0 = Release|Any CPU
	EndGlobalSection
	GlobalSection(SolutionProperties) = preSolution
		HideSolutionNode = FALSE
	EndGlobalSection
	GlobalSection(ExtensibilityGlobals) = postSolution
		SolutionGuid = {107AB8A7-9CA6-4BBA-9B06-7B198C7A02E6}
	EndGlobalSection
EndGlobal
